// !$*UTF8*$!
{
	archiveVersion = 1;
	classes = {
	};
	objectVersion = 77;
	objects = {

/* Begin PBXContainerItemProxy section */
		CE737C3E2DBF27AB00B4D094 /* PBXContainerItemProxy */ = {
			isa = PBXContainerItemProxy;
			containerPortal = CE737C282DBF27A800B4D094 /* Project object */;
			proxyType = 1;
			remoteGlobalIDString = CE737C2F2DBF27A800B4D094;
			remoteInfo = ArtHub;
		};
		CE737C482DBF27AB00B4D094 /* PBXContainerItemProxy */ = {
			isa = PBXContainerItemProxy;
			containerPortal = CE737C282DBF27A800B4D094 /* Project object */;
			proxyType = 1;
			remoteGlobalIDString = CE737C2F2DBF27A800B4D094;
			remoteInfo = ArtHub;
		};
/* End PBXContainerItemProxy section */

/* Begin PBXFileReference section */
		CE737C302DBF27A800B4D094 /* ArtHub.app */ = {isa = PBXFileReference; explicitFileType = wrapper.application; includeInIndex = 0; path = ArtHub.app; sourceTree = BUILT_PRODUCTS_DIR; };
		CE737C3D2DBF27AB00B4D094 /* ArtHubTests.xctest */ = {isa = PBXFileReference; explicitFileType = wrapper.cfbundle; includeInIndex = 0; path = ArtHubTests.xctest; sourceTree = BUILT_PRODUCTS_DIR; };
		CE737C472DBF27AB00B4D094 /* ArtHubUITests.xctest */ = {isa = PBXFileReference; explicitFileType = wrapper.cfbundle; includeInIndex = 0; path = ArtHubUITests.xctest; sourceTree = BUILT_PRODUCTS_DIR; };
/* End PBXFileReference section */

/* Begin PBXFileSystemSynchronizedRootGroup section */
		CE737C322DBF27A800B4D094 /* ArtHub */ = {
			isa = PBXFileSystemSynchronizedRootGroup;
			path = ArtHub;
			sourceTree = "<group>";
		};
		CE737C402DBF27AB00B4D094 /* ArtHubTests */ = {
			isa = PBXFileSystemSynchronizedRootGroup;
			path = ArtHubTests;
			sourceTree = "<group>";
		};
		CE737C4A2DBF27AB00B4D094 /* ArtHubUITests */ = {
			isa = PBXFileSystemSynchronizedRootGroup;
			path = ArtHubUITests;
			sourceTree = "<group>";
		};
/* End PBXFileSystemSynchronizedRootGroup section */

/* Begin PBXFrameworksBuildPhase section */
		CE737C2D2DBF27A800B4D094 /* Frameworks */ = {
			isa = PBXFrameworksBuildPhase;
			buildActionMask = 2147483647;
			files = (
			);
			runOnlyForDeploymentPostprocessing = 0;
		};
		CE737C3A2DBF27AB00B4D094 /* Frameworks */ = {
			isa = PBXFrameworksBuildPhase;
			buildActionMask = 2147483647;
			files = (
			);
			runOnlyForDeploymentPostprocessing = 0;
		};
		CE737C442DBF27AB00B4D094 /* Frameworks */ = {
			isa = PBXFrameworksBuildPhase;
			buildActionMask = 2147483647;
			files = (
			);
			runOnlyForDeploymentPostprocessing = 0;
		};
/* End PBXFrameworksBuildPhase section */

/* Begin PBXGroup section */
		CE737C272DBF27A800B4D094 = {
			isa = PBXGroup;
			children = (
				CE737C322DBF27A800B4D094 /* ArtHub */,
				CE737C402DBF27AB00B4D094 /* ArtHubTests */,
				CE737C4A2DBF27AB00B4D094 /* ArtHubUITests */,
				CE737C312DBF27A800B4D094 /* Products */,
			);
			sourceTree = "<group>";
		};
		CE737C312DBF27A800B4D094 /* Products */ = {
			isa = PBXGroup;
			children = (
				CE737C302DBF27A800B4D094 /* ArtHub.app */,
				CE737C3D2DBF27AB00B4D094 /* ArtHubTests.xctest */,
				CE737C472DBF27AB00B4D094 /* ArtHubUITests.xctest */,
			);
			name = Products;
			sourceTree = "<group>";
		};
/* End PBXGroup section */

/* Begin PBXNativeTarget section */
		CE737C2F2DBF27A800B4D094 /* ArtHub */ = {
			isa = PBXNativeTarget;
			buildConfigurationList = CE737C512DBF27AB00B4D094 /* Build configuration list for PBXNativeTarget "ArtHub" */;
			buildPhases = (
				CE737C2C2DBF27A800B4D094 /* Sources */,
				CE737C2D2DBF27A800B4D094 /* Frameworks */,
				CE737C2E2DBF27A800B4D094 /* Resources */,
			);
			buildRules = (
			);
			dependencies = (
			);
			fileSystemSynchronizedGroups = (
				CE737C322DBF27A800B4D094 /* ArtHub */,
			);
			name = ArtHub;
			packageProductDependencies = (
			);
			productName = ArtHub;
			productReference = CE737C302DBF27A800B4D094 /* ArtHub.app */;
			productType = "com.apple.product-type.application";
		};
		CE737C3C2DBF27AB00B4D094 /* ArtHubTests */ = {
			isa = PBXNativeTarget;
			buildConfigurationList = CE737C542DBF27AB00B4D094 /* Build configuration list for PBXNativeTarget "ArtHubTests" */;
			buildPhases = (
				CE737C392DBF27AB00B4D094 /* Sources */,
				CE737C3A2DBF27AB00B4D094 /* Frameworks */,
				CE737C3B2DBF27AB00B4D094 /* Resources */,
			);
			buildRules = (
			);
			dependencies = (
				CE737C3F2DBF27AB00B4D094 /* PBXTargetDependency */,
			);
			fileSystemSynchronizedGroups = (
				CE737C402DBF27AB00B4D094 /* ArtHubTests */,
			);
			name = ArtHubTests;
			packageProductDependencies = (
			);
			productName = ArtHubTests;
			productReference = CE737C3D2DBF27AB00B4D094 /* ArtHubTests.xctest */;
			productType = "com.apple.product-type.bundle.unit-test";
		};
		CE737C462DBF27AB00B4D094 /* ArtHubUITests */ = {
			isa = PBXNativeTarget;
			buildConfigurationList = CE737C572DBF27AB00B4D094 /* Build configuration list for PBXNativeTarget "ArtHubUITests" */;
			buildPhases = (
				CE737C432DBF27AB00B4D094 /* Sources */,
				CE737C442DBF27AB00B4D094 /* Frameworks */,
				CE737C452DBF27AB00B4D094 /* Resources */,
			);
			buildRules = (
			);
			dependencies = (
				CE737C492DBF27AB00B4D094 /* PBXTargetDependency */,
			);
			fileSystemSynchronizedGroups = (
				CE737C4A2DBF27AB00B4D094 /* ArtHubUITests */,
			);
			name = ArtHubUITests;
			packageProductDependencies = (
			);
			productName = ArtHubUITests;
			productReference = CE737C472DBF27AB00B4D094 /* ArtHubUITests.xctest */;
			productType = "com.apple.product-type.bundle.ui-testing";
		};
/* End PBXNativeTarget section */

/* Begin PBXProject section */
		CE737C282DBF27A800B4D094 /* Project object */ = {
			isa = PBXProject;
			attributes = {
				BuildIndependentTargetsInParallel = 1;
				LastSwiftUpdateCheck = 1630;
				LastUpgradeCheck = 1630;
				TargetAttributes = {
					CE737C2F2DBF27A800B4D094 = {
						CreatedOnToolsVersion = 16.3;
					};
					CE737C3C2DBF27AB00B4D094 = {
						CreatedOnToolsVersion = 16.3;
						TestTargetID = CE737C2F2DBF27A800B4D094;
					};
					CE737C462DBF27AB00B4D094 = {
						CreatedOnToolsVersion = 16.3;
						TestTargetID = CE737C2F2DBF27A800B4D094;
					};
				};
			};
			buildConfigurationList = CE737C2B2DBF27A800B4D094 /* Build configuration list for PBXProject "ArtHub" */;
			developmentRegion = en;
			hasScannedForEncodings = 0;
			knownRegions = (
				en,
				Base,
			);
			mainGroup = CE737C272DBF27A800B4D094;
			minimizedProjectReferenceProxies = 1;
			preferredProjectObjectVersion = 77;
			productRefGroup = CE737C312DBF27A800B4D094 /* Products */;
			projectDirPath = "";
			projectRoot = "";
			targets = (
				CE737C2F2DBF27A800B4D094 /* ArtHub */,
				CE737C3C2DBF27AB00B4D094 /* ArtHubTests */,
				CE737C462DBF27AB00B4D094 /* ArtHubUITests */,
			);
		};
/* End PBXProject section */

/* Begin PBXResourcesBuildPhase section */
		CE737C2E2DBF27A800B4D094 /* Resources */ = {
			isa = PBXResourcesBuildPhase;
			buildActionMask = 2147483647;
			files = (
			);
			runOnlyForDeploymentPostprocessing = 0;
		};
		CE737C3B2DBF27AB00B4D094 /* Resources */ = {
			isa = PBXResourcesBuildPhase;
			buildActionMask = 2147483647;
			files = (
			);
			runOnlyForDeploymentPostprocessing = 0;
		};
		CE737C452DBF27AB00B4D094 /* Resources */ = {
			isa = PBXResourcesBuildPhase;
			buildActionMask = 2147483647;
			files = (
			);
			runOnlyForDeploymentPostprocessing = 0;
		};
/* End PBXResourcesBuildPhase section */

/* Begin PBXSourcesBuildPhase section */
		CE737C2C2DBF27A800B4D094 /* Sources */ = {
			isa = PBXSourcesBuildPhase;
			buildActionMask = 2147483647;
			files = (
			);
			runOnlyForDeploymentPostprocessing = 0;
		};
		CE737C392DBF27AB00B4D094 /* Sources */ = {
			isa = PBXSourcesBuildPhase;
			buildActionMask = 2147483647;
			files = (
			);
			runOnlyForDeploymentPostprocessing = 0;
		};
		CE737C432DBF27AB00B4D094 /* Sources */ = {
			isa = PBXSourcesBuildPhase;
			buildActionMask = 2147483647;
			files = (
			);
			runOnlyForDeploymentPostprocessing = 0;
		};
/* End PBXSourcesBuildPhase section */

/* Begin PBXTargetDependency section */
		CE737C3F2DBF27AB00B4D094 /* PBXTargetDependency */ = {
			isa = PBXTargetDependency;
			target = CE737C2F2DBF27A800B4D094 /* ArtHub */;
			targetProxy = CE737C3E2DBF27AB00B4D094 /* PBXContainerItemProxy */;
		};
		CE737C492DBF27AB00B4D094 /* PBXTargetDependency */ = {
			isa = PBXTargetDependency;
			target = CE737C2F2DBF27A800B4D094 /* ArtHub */;
			targetProxy = CE737C482DBF27AB00B4D094 /* PBXContainerItemProxy */;
		};
/* End PBXTargetDependency section */

/* Begin XCBuildConfiguration section */
		CE737C4F2DBF27AB00B4D094 /* Debug */ = {
			isa = XCBuildConfiguration;
			buildSettings = {
				ALWAYS_SEARCH_USER_PATHS = NO;
				ASSETCATALOG_COMPILER_GENERATE_SWIFT_ASSET_SYMBOL_EXTENSIONS = YES;
				CLANG_ANALYZER_NONNULL = YES;
				CLANG_ANALYZER_NUMBER_OBJECT_CONVERSION = YES_AGGRESSIVE;
				CLANG_CXX_LANGUAGE_STANDARD = "gnu++20";
				CLANG_ENABLE_MODULES = YES;
				CLANG_ENABLE_OBJC_ARC = YES;
				CLANG_ENABLE_OBJC_WEAK = YES;
				CLANG_WARN_BLOCK_CAPTURE_AUTORELEASING = YES;
				CLANG_WARN_BOOL_CONVERSION = YES;
				CLANG_WARN_COMMA = YES;
				CLANG_WARN_CONSTANT_CONVERSION = YES;
				CLANG_WARN_DEPRECATED_OBJC_IMPLEMENTATIONS = YES;
				CLANG_WARN_DIRECT_OBJC_ISA_USAGE = YES_ERROR;
				CLANG_WARN_DOCUMENTATION_COMMENTS = YES;
				CLANG_WARN_EMPTY_BODY = YES;
				CLANG_WARN_ENUM_CONVERSION = YES;
				CLANG_WARN_INFINITE_RECURSION = YES;
				CLANG_WARN_INT_CONVERSION = YES;
				CLANG_WARN_NON_LITERAL_NULL_CONVERSION = YES;
				CLANG_WARN_OBJC_IMPLICIT_RETAIN_SELF = YES;
				CLANG_WARN_OBJC_LITERAL_CONVERSION = YES;
				CLANG_WARN_OBJC_ROOT_CLASS = YES_ERROR;
				CLANG_WARN_QUOTED_INCLUDE_IN_FRAMEWORK_HEADER = YES;
				CLANG_WARN_RANGE_LOOP_ANALYSIS = YES;
				CLANG_WARN_STRICT_PROTOTYPES = YES;
				CLANG_WARN_SUSPICIOUS_MOVE = YES;
				CLANG_WARN_UNGUARDED_AVAILABILITY = YES_AGGRESSIVE;
				CLANG_WARN_UNREACHABLE_CODE = YES;
				CLANG_WARN__DUPLICATE_METHOD_MATCH = YES;
				COPY_PHASE_STRIP = NO;
				DEBUG_INFORMATION_FORMAT = dwarf;
				ENABLE_STRICT_OBJC_MSGSEND = YES;
				ENABLE_TESTABILITY = YES;
				ENABLE_USER_SCRIPT_SANDBOXING = YES;
				GCC_C_LANGUAGE_STANDARD = gnu17;
				GCC_DYNAMIC_NO_PIC = NO;
				GCC_NO_COMMON_BLOCKS = YES;
				GCC_OPTIMIZATION_LEVEL = 0;
				GCC_PREPROCESSOR_DEFINITIONS = (
					"DEBUG=1",
					"$(inherited)",
				);
				GCC_WARN_64_TO_32_BIT_CONVERSION = YES;
				GCC_WARN_ABOUT_RETURN_TYPE = YES_ERROR;
				GCC_WARN_UNDECLARED_SELECTOR = YES;
				GCC_WARN_UNINITIALIZED_AUTOS = YES_AGGRESSIVE;
				GCC_WARN_UNUSED_FUNCTION = YES;
				GCC_WARN_UNUSED_VARIABLE = YES;
				IPHONEOS_DEPLOYMENT_TARGET = 18.4;
				LOCALIZATION_PREFERS_STRING_CATALOGS = YES;
				MTL_ENABLE_DEBUG_INFO = INCLUDE_SOURCE;
				MTL_FAST_MATH = YES;
				ONLY_ACTIVE_ARCH = YES;
				SDKROOT = iphoneos;
				SWIFT_ACTIVE_COMPILATION_CONDITIONS = "DEBUG $(inherited)";
				SWIFT_OPTIMIZATION_LEVEL = "-Onone";
			};
			name = Debug;
		};
		CE737C502DBF27AB00B4D094 /* Release */ = {
			isa = XCBuildConfiguration;
			buildSettings = {
				ALWAYS_SEARCH_USER_PATHS = NO;
				ASSETCATALOG_COMPILER_GENERATE_SWIFT_ASSET_SYMBOL_EXTENSIONS = YES;
				CLANG_ANALYZER_NONNULL = YES;
				CLANG_ANALYZER_NUMBER_OBJECT_CONVERSION = YES_AGGRESSIVE;
				CLANG_CXX_LANGUAGE_STANDARD = "gnu++20";
				CLANG_ENABLE_MODULES = YES;
				CLANG_ENABLE_OBJC_ARC = YES;
				CLANG_ENABLE_OBJC_WEAK = YES;
				CLANG_WARN_BLOCK_CAPTURE_AUTORELEASING = YES;
				CLANG_WARN_BOOL_CONVERSION = YES;
				CLANG_WARN_COMMA = YES;
				CLANG_WARN_CONSTANT_CONVERSION = YES;
				CLANG_WARN_DEPRECATED_OBJC_IMPLEMENTATIONS = YES;
				CLANG_WARN_DIRECT_OBJC_ISA_USAGE = YES_ERROR;
				CLANG_WARN_DOCUMENTATION_COMMENTS = YES;
				CLANG_WARN_EMPTY_BODY = YES;
				CLANG_WARN_ENUM_CONVERSION = YES;
				CLANG_WARN_INFINITE_RECURSION = YES;
				CLANG_WARN_INT_CONVERSION = YES;
				CLANG_WARN_NON_LITERAL_NULL_CONVERSION = YES;
				CLANG_WARN_OBJC_IMPLICIT_RETAIN_SELF = YES;
				CLANG_WARN_OBJC_LITERAL_CONVERSION = YES;
				CLANG_WARN_OBJC_ROOT_CLASS = YES_ERROR;
				CLANG_WARN_QUOTED_INCLUDE_IN_FRAMEWORK_HEADER = YES;
				CLANG_WARN_RANGE_LOOP_ANALYSIS = YES;
				CLANG_WARN_STRICT_PROTOTYPES = YES;
				CLANG_WARN_SUSPICIOUS_MOVE = YES;
				CLANG_WARN_UNGUARDED_AVAILABILITY = YES_AGGRESSIVE;
				CLANG_WARN_UNREACHABLE_CODE = YES;
				CLANG_WARN__DUPLICATE_METHOD_MATCH = YES;
				COPY_PHASE_STRIP = NO;
				DEBUG_INFORMATION_FORMAT = "dwarf-with-dsym";
				ENABLE_NS_ASSERTIONS = NO;
				ENABLE_STRICT_OBJC_MSGSEND = YES;
				ENABLE_USER_SCRIPT_SANDBOXING = YES;
				GCC_C_LANGUAGE_STANDARD = gnu17;
				GCC_NO_COMMON_BLOCKS = YES;
				GCC_WARN_64_TO_32_BIT_CONVERSION = YES;
				GCC_WARN_ABOUT_RETURN_TYPE = YES_ERROR;
				GCC_WARN_UNDECLARED_SELECTOR = YES;
				GCC_WARN_UNINITIALIZED_AUTOS = YES_AGGRESSIVE;
				GCC_WARN_UNUSED_FUNCTION = YES;
				GCC_WARN_UNUSED_VARIABLE = YES;
				IPHONEOS_DEPLOYMENT_TARGET = 18.4;
				LOCALIZATION_PREFERS_STRING_CATALOGS = YES;
				MTL_ENABLE_DEBUG_INFO = NO;
				MTL_FAST_MATH = YES;
				SDKROOT = iphoneos;
				SWIFT_COMPILATION_MODE = wholemodule;
				VALIDATE_PRODUCT = YES;
			};
			name = Release;
		};
		CE737C522DBF27AB00B4D094 /* Debug */ = {
			isa = XCBuildConfiguration;
			buildSettings = {
				ASSETCATALOG_COMPILER_APPICON_NAME = AppIcon;
				ASSETCATALOG_COMPILER_GLOBAL_ACCENT_COLOR_NAME = AccentColor;
				CODE_SIGN_STYLE = Automatic;
				CURRENT_PROJECT_VERSION = 1;
				ENABLE_PREVIEWS = YES;
				GENERATE_INFOPLIST_FILE = YES;
				INFOPLIST_KEY_UIApplicationSceneManifest_Generation = YES;
				INFOPLIST_KEY_UIApplicationSupportsIndirectInputEvents = YES;
				INFOPLIST_KEY_UILaunchScreen_Generation = YES;
				INFOPLIST_KEY_UISupportedInterfaceOrientations_iPad = "UIInterfaceOrientationPortrait UIInterfaceOrientationPortraitUpsideDown UIInterfaceOrientationLandscapeLeft UIInterfaceOrientationLandscapeRight";
				INFOPLIST_KEY_UISupportedInterfaceOrientations_iPhone = "UIInterfaceOrientationPortrait UIInterfaceOrientationLandscapeLeft UIInterfaceOrientationLandscapeRight";
				LD_RUNPATH_SEARCH_PATHS = (
					"$(inherited)",
					"@executable_path/Frameworks",
				);
				MARKETING_VERSION = 1.0;
				PRODUCT_BUNDLE_IDENTIFIER = test.ArtHub;
				PRODUCT_NAME = "$(TARGET_NAME)";
				SWIFT_EMIT_LOC_STRINGS = YES;
				SWIFT_VERSION = 5.0;
				TARGETED_DEVICE_FAMILY = "1,2";
			};
			name = Debug;
		};
		CE737C532DBF27AB00B4D094 /* Release */ = {
			isa = XCBuildConfiguration;
			buildSettings = {
				ASSETCATALOG_COMPILER_APPICON_NAME = AppIcon;
				ASSETCATALOG_COMPILER_GLOBAL_ACCENT_COLOR_NAME = AccentColor;
				CODE_SIGN_STYLE = Automatic;
				CURRENT_PROJECT_VERSION = 1;
				ENABLE_PREVIEWS = YES;
				GENERATE_INFOPLIST_FILE = YES;
				INFOPLIST_KEY_UIApplicationSceneManifest_Generation = YES;
				INFOPLIST_KEY_UIApplicationSupportsIndirectInputEvents = YES;
				INFOPLIST_KEY_UILaunchScreen_Generation = YES;
				INFOPLIST_KEY_UISupportedInterfaceOrientations_iPad = "UIInterfaceOrientationPortrait UIInterfaceOrientationPortraitUpsideDown UIInterfaceOrientationLandscapeLeft UIInterfaceOrientationLandscapeRight";
				INFOPLIST_KEY_UISupportedInterfaceOrientations_iPhone = "UIInterfaceOrientationPortrait UIInterfaceOrientationLandscapeLeft UIInterfaceOrientationLandscapeRight";
				LD_RUNPATH_SEARCH_PATHS = (
					"$(inherited)",
					"@executable_path/Frameworks",
				);
				MARKETING_VERSION = 1.0;
				PRODUCT_BUNDLE_IDENTIFIER = test.ArtHub;
				PRODUCT_NAME = "$(TARGET_NAME)";
				SWIFT_EMIT_LOC_STRINGS = YES;
				SWIFT_VERSION = 5.0;
				TARGETED_DEVICE_FAMILY = "1,2";
			};
			name = Release;
		};
		CE737C552DBF27AB00B4D094 /* Debug */ = {
			isa = XCBuildConfiguration;
			buildSettings = {
				BUNDLE_LOADER = "$(TEST_HOST)";
				CODE_SIGN_STYLE = Automatic;
				CURRENT_PROJECT_VERSION = 1;
				GENERATE_INFOPLIST_FILE = YES;
				IPHONEOS_DEPLOYMENT_TARGET = 18.4;
				MARKETING_VERSION = 1.0;
				PRODUCT_BUNDLE_IDENTIFIER = test.ArtHubTests;
				PRODUCT_NAME = "$(TARGET_NAME)";
				SWIFT_EMIT_LOC_STRINGS = NO;
				SWIFT_VERSION = 5.0;
				TARGETED_DEVICE_FAMILY = "1,2";
				TEST_HOST = "$(BUILT_PRODUCTS_DIR)/ArtHub.app/$(BUNDLE_EXECUTABLE_FOLDER_PATH)/ArtHub";
			};
			name = Debug;
		};
		CE737C562DBF27AB00B4D094 /* Release */ = {
			isa = XCBuildConfiguration;
			buildSettings = {
				BUNDLE_LOADER = "$(TEST_HOST)";
				CODE_SIGN_STYLE = Automatic;
				CURRENT_PROJECT_VERSION = 1;
				GENERATE_INFOPLIST_FILE = YES;
				IPHONEOS_DEPLOYMENT_TARGET = 18.4;
				MARKETING_VERSION = 1.0;
				PRODUCT_BUNDLE_IDENTIFIER = test.ArtHubTests;
				PRODUCT_NAME = "$(TARGET_NAME)";
				SWIFT_EMIT_LOC_STRINGS = NO;
				SWIFT_VERSION = 5.0;
				TARGETED_DEVICE_FAMILY = "1,2";
				TEST_HOST = "$(BUILT_PRODUCTS_DIR)/ArtHub.app/$(BUNDLE_EXECUTABLE_FOLDER_PATH)/ArtHub";
			};
			name = Release;
		};
		CE737C582DBF27AB00B4D094 /* Debug */ = {
			isa = XCBuildConfiguration;
			buildSettings = {
				CODE_SIGN_STYLE = Automatic;
				CURRENT_PROJECT_VERSION = 1;
				GENERATE_INFOPLIST_FILE = YES;
				MARKETING_VERSION = 1.0;
				PRODUCT_BUNDLE_IDENTIFIER = test.ArtHubUITests;
				PRODUCT_NAME = "$(TARGET_NAME)";
				SWIFT_EMIT_LOC_STRINGS = NO;
				SWIFT_VERSION = 5.0;
				TARGETED_DEVICE_FAMILY = "1,2";
				TEST_TARGET_NAME = ArtHub;
			};
			name = Debug;
		};
		CE737C592DBF27AB00B4D094 /* Release */ = {
			isa = XCBuildConfiguration;
			buildSettings = {
				CODE_SIGN_STYLE = Automatic;
				CURRENT_PROJECT_VERSION = 1;
				GENERATE_INFOPLIST_FILE = YES;
				MARKETING_VERSION = 1.0;
				PRODUCT_BUNDLE_IDENTIFIER = test.ArtHubUITests;
				PRODUCT_NAME = "$(TARGET_NAME)";
				SWIFT_EMIT_LOC_STRINGS = NO;
				SWIFT_VERSION = 5.0;
				TARGETED_DEVICE_FAMILY = "1,2";
				TEST_TARGET_NAME = ArtHub;
			};
			name = Release;
		};
/* End XCBuildConfiguration section */

/* Begin XCConfigurationList section */
		CE737C2B2DBF27A800B4D094 /* Build configuration list for PBXProject "ArtHub" */ = {
			isa = XCConfigurationList;
			buildConfigurations = (
				CE737C4F2DBF27AB00B4D094 /* Debug */,
				CE737C502DBF27AB00B4D094 /* Release */,
			);
			defaultConfigurationIsVisible = 0;
			defaultConfigurationName = Release;
		};
		CE737C512DBF27AB00B4D094 /* Build configuration list for PBXNativeTarget "ArtHub" */ = {
			isa = XCConfigurationList;
			buildConfigurations = (
				CE737C522DBF27AB00B4D094 /* Debug */,
				CE737C532DBF27AB00B4D094 /* Release */,
			);
			defaultConfigurationIsVisible = 0;
			defaultConfigurationName = Release;
		};
		CE737C542DBF27AB00B4D094 /* Build configuration list for PBXNativeTarget "ArtHubTests" */ = {
			isa = XCConfigurationList;
			buildConfigurations = (
				CE737C552DBF27AB00B4D094 /* Debug */,
				CE737C562DBF27AB00B4D094 /* Release */,
			);
			defaultConfigurationIsVisible = 0;
			defaultConfigurationName = Release;
		};
		CE737C572DBF27AB00B4D094 /* Build configuration list for PBXNativeTarget "ArtHubUITests" */ = {
			isa = XCConfigurationList;
			buildConfigurations = (
				CE737C582DBF27AB00B4D094 /* Debug */,
				CE737C592DBF27AB00B4D094 /* Release */,
			);
			defaultConfigurationIsVisible = 0;
			defaultConfigurationName = Release;
		};
/* End XCConfigurationList section */
	};
	rootObject = CE737C282DBF27A800B4D094 /* Project object */;
}
